
Microsoft Visual Studio Solution File, Format Version 12.00
# Visual Studio 15
VisualStudioVersion = 15.0.33026.149
MinimumVisualStudioVersion = 10.0.40219.1
Project("{FAE04EC0-301F-11D3-BF4B-00C04F79EFBC}") = "UMassDM", "UMassDM\UMassDM.csproj", "{900BD73A-2419-4A1A-A600-DD8DF950B94B}"
EndProject
Global
	GlobalSection(SolutionConfigurationPlatforms) = preSolution
		Debug|Any CPU = Debug|Any CPU
		Release|Any CPU = Release|Any CPU
	EndGlobalSection
	GlobalSection(ProjectConfigurationPlatforms) = postSolution
		{900BD73A-2419-4A1A-A600-DD8DF950B94B}.Debug|Any CPU.ActiveCfg = Debug|Any CPU
		{900BD73A-2419-4A1A-A600-DD8DF950B94B}.Debug|Any CPU.Build.0 = Debug|Any CPU
		{900BD73A-2419-4A1A-A600-DD8DF950B94B}.Release|Any CPU.ActiveCfg = Release|Any CPU
		{900BD73A-2419-4A1A-A600-DD8DF950B94B}.Release|Any CPU.Build.0 = Release|Any CPU
	EndGlobalSection
	GlobalSection(SolutionProperties) = preSolution
		HideSolutionNode = FALSE
	EndGlobalSection
	GlobalSection(ExtensibilityGlobals) = postSolution
		SolutionGuid = {629F2B6F-86DF-434B-8D20-CC2F1A664CC6}
	EndGlobalSection
EndGlobal
